{
  "requires": true,
  "lockfileVersion": 1,
  "dependencies": {
    "@next/env": {
      "version": "13.0.1-canary.0",
      "resolved": "https://registry.npmjs.org/@next/env/-/env-13.0.1-canary.0.tgz",
      "integrity": "sha512-H9SSsbqPXH/dRarcMfza8EjPR8Y4LNiKcaTnk1s6a6mRI9cHTSBZGJCcf5OMhUstl+o7fm8/LfREXe2oopDU3Q=="
    },
    "@next/swc-android-arm-eabi": {
      "version": "13.0.1-canary.0",
      "resolved": "https://registry.npmjs.org/@next/swc-android-arm-eabi/-/swc-android-arm-eabi-13.0.1-canary.0.tgz",
      "integrity": "sha512-/KOCUjPROqr6FWXegH1CmL838Qn0wb3/WXkrCBRAjXmzBUFTDBycEAFFcOzf4ALJYsCVnI55n9GrMQLuSP0Viw==",
      "optional": true
    },
    "@next/swc-android-arm64": {
      "version": "13.0.1-canary.0",
      "resolved": "https://registry.npmjs.org/@next/swc-android-arm64/-/swc-android-arm64-13.0.1-canary.0.tgz",
      "integrity": "sha512-NzCZ8lcUytp+eiFzPoEWY7+MriRFL7JgSKhblEusBMffyKsqrmsr2hcdMgXe3M03X9M10009mg0Q9h6vXg11Ig==",
      "optional": true
    },
    "@next/swc-darwin-arm64": {
      "version": "13.0.1-canary.0",
      "resolved": "https://registry.npmjs.org/@next/swc-darwin-arm64/-/swc-darwin-arm64-13.0.1-canary.0.tgz",
      "integrity": "sha512-wUeTPNnktcZdDhyZUoR+1LkCodoqML6k/urlpvf1eLH0Xc7tasTP8u0BH5hgKn1FMFxiLWsc2P0+cG/bNuearw==",
      "optional": true
    },
    "@next/swc-darwin-x64": {
      "version": "13.0.1-canary.0",
      "resolved": "https://registry.npmjs.org/@next/swc-darwin-x64/-/swc-darwin-x64-13.0.1-canary.0.tgz",
      "integrity": "sha512-v+ap0hMA4XEvfmfn/nMdCnP/wqO4dxAIgRCRauVkLwLfHhn+fAjGvdHPZ4VWw6yIvqIHid1iF+99TGR0DzVdMQ==",
      "optional": true
    },
    "@next/swc-freebsd-x64": {
      "version": "13.0.1-canary.0",
      "resolved": "https://registry.npmjs.org/@next/swc-freebsd-x64/-/swc-freebsd-x64-13.0.1-canary.0.tgz",
      "integrity": "sha512-jLTZYzsh5yZgVOcFYHtNiD09eGusUEwA/m6Ckvclrm/KtPA22uwsnw+fBuSFey7ioXhFq7Qrxrkf/UJMjp6DOA==",
      "optional": true
    },
    "@next/swc-linux-arm-gnueabihf": {
      "version": "13.0.1-canary.0",
      "resolved": "https://registry.npmjs.org/@next/swc-linux-arm-gnueabihf/-/swc-linux-arm-gnueabihf-13.0.1-canary.0.tgz",
      "integrity": "sha512-KipodmCQX5P56/3GHSUFz+8pCAga32QXPtd7jByUQdkU7j63RsM4iJyo7kzT163m2wofUTJ2TSiTv/CmvxKF3Q==",
      "optional": true
    },
    "@next/swc-linux-arm64-gnu": {
      "version": "13.0.1-canary.0",
      "resolved": "https://registry.npmjs.org/@next/swc-linux-arm64-gnu/-/swc-linux-arm64-gnu-13.0.1-canary.0.tgz",
      "integrity": "sha512-MfoMTj+SrA2znSCtdYrA0gB9tY+euCJNAdZSE9onoXhzLo3DHq1qyH5+oJVW5xFYdkGbWgjRgAi1sPUeBW2wIA==",
      "optional": true
    },
    "@next/swc-linux-arm64-musl": {
      "version": "13.0.1-canary.0",
      "resolved": "https://registry.npmjs.org/@next/swc-linux-arm64-musl/-/swc-linux-arm64-musl-13.0.1-canary.0.tgz",
      "integrity": "sha512-n3IAtphbjhGlXl8vi9ul3yYEwHrZGRMysA1ioWO8/quHSGDFGXaGAloLnQX7vQ+qajgE03eHoPAM71ulro84uw==",
      "optional": true
    },
    "@next/swc-linux-x64-gnu": {
      "version": "13.0.1-canary.0",
      "resolved": "https://registry.npmjs.org/@next/swc-linux-x64-gnu/-/swc-linux-x64-gnu-13.0.1-canary.0.tgz",
      "integrity": "sha512-Br8U7RYu7bHbXe8RWW5cqJ43LtfoFxS4DA6SvQg5GfH+DmLjlhhCY+O3jEH5uWRzsc8/kIiJUxhYZcJhGVJupA==",
      "optional": true
    },
    "@next/swc-linux-x64-musl": {
      "version": "13.0.1-canary.0",
      "resolved": "https://registry.npmjs.org/@next/swc-linux-x64-musl/-/swc-linux-x64-musl-13.0.1-canary.0.tgz",
      "integrity": "sha512-zYxuTgN7b83KKMBTQnitMBQBv6wYFivDnIi5TwLzg28G2lKAMPYkocY4q0Fuw6lO7QCqgOy2Ict1lAPtTmbL+w==",
      "optional": true
    },
    "@next/swc-win32-arm64-msvc": {
      "version": "13.0.1-canary.0",
      "resolved": "https://registry.npmjs.org/@next/swc-win32-arm64-msvc/-/swc-win32-arm64-msvc-13.0.1-canary.0.tgz",
      "integrity": "sha512-g5jAUIaB9NOHaeeZbmTy2iEKfWvBih7LqONoMcGxYyGJM1g2/cRlG+GcAkS/Hwf1mbTSxZVm8tdjMHuTLi6S6A==",
      "optional": true
    },
    "@next/swc-win32-ia32-msvc": {
      "version": "13.0.1-canary.0",
      "resolved": "https://registry.npmjs.org/@next/swc-win32-ia32-msvc/-/swc-win32-ia32-msvc-13.0.1-canary.0.tgz",
      "integrity": "sha512-G7dUKroAFp/7s9t/i6J/hdWLijdhDzI7lU7mk+3HlLYQKYgMEjcuZ52W2PfSA91vK07bSeIwEtqHBkb02MImtw==",
      "optional": true
    },
    "@next/swc-win32-x64-msvc": {
      "version": "13.0.1-canary.0",
      "resolved": "https://registry.npmjs.org/@next/swc-win32-x64-msvc/-/swc-win32-x64-msvc-13.0.1-canary.0.tgz",
      "integrity": "sha512-qWva1NZ0FmbbxYVa11BLw9WsTQyL1oRCGRYR5kAztXbX6UqBjF5QaAYnQhNr29CoLhQIMRsCMu3HIpTDqC5iAw==",
      "optional": true
    },
    "@swc/helpers": {
      "version": "0.4.11",
      "resolved": "https://registry.npmjs.org/@swc/helpers/-/helpers-0.4.11.tgz",
      "integrity": "sha512-rEUrBSGIoSFuYxwBYtlUFMlE2CwGhmW+w9355/5oduSw8e5h2+Tj4UrAGNNgP9915++wj5vkQo0UuOBqOAq4nw==",
      "requires": {
        "tslib": "^2.4.0"
      }
    },
    "caniuse-lite": {
      "version": "1.0.30001426",
      "resolved": "https://registry.npmjs.org/caniuse-lite/-/caniuse-lite-1.0.30001426.tgz",
      "integrity": "sha512-n7cosrHLl8AWt0wwZw/PJZgUg3lV0gk9LMI7ikGJwhyhgsd2Nb65vKvmSexCqq/J7rbH3mFG6yZZiPR5dLPW5A=="
    },
    "client-only": {
      "version": "0.0.1",
      "resolved": "https://registry.npmjs.org/client-only/-/client-only-0.0.1.tgz",
      "integrity": "sha512-IV3Ou0jSMzZrd3pZ48nLkT9DA7Ag1pnPzaiQhpW7c3RbcqqzvzzVu+L8gfqMp/8IM2MQtSiqaCxrrcfu8I8rMA=="
    },
    "js-tokens": {
      "version": "4.0.0",
      "resolved": "https://registry.npmjs.org/js-tokens/-/js-tokens-4.0.0.tgz",
      "integrity": "sha512-RdJUflcE3cUzKiMqQgsCu06FPu9UdIJO0beYbPhHN4k6apgJtifcoCtT9bcxOpYBtpD2kCM6Sbzg4CausW/PKQ=="
    },
    "loose-envify": {
      "version": "1.4.0",
      "resolved": "https://registry.npmjs.org/loose-envify/-/loose-envify-1.4.0.tgz",
      "integrity": "sha512-lyuxPGr/Wfhrlem2CL/UcnUc1zcqKAImBDzukY7Y5F/yQiNdko6+fRLevlw1HgMySw7f611UIY408EtxRSoK3Q==",
      "requires": {
        "js-tokens": "^3.0.0 || ^4.0.0"
      }
    },
    "nanoid": {
      "version": "3.3.4",
      "resolved": "https://registry.npmjs.org/nanoid/-/nanoid-3.3.4.tgz",
      "integrity": "sha512-MqBkQh/OHTS2egovRtLk45wEyNXwF+cokD+1YPf9u5VfJiRdAiRwB2froX5Co9Rh20xs4siNPm8naNotSD6RBw=="
    },
    "next": {
      "version": "13.0.1-canary.0",
      "resolved": "https://registry.npmjs.org/next/-/next-13.0.1-canary.0.tgz",
      "integrity": "sha512-vMvILmPG7OiKAAeNFELjZHCOIYlvKARwHggPmdD5eIBEq10R7yAaVlal+mitM1xH/UTqSHhfFHMogBoH9ZdGmg==",
      "requires": {
        "@next/env": "13.0.1-canary.0",
        "@next/swc-android-arm-eabi": "13.0.1-canary.0",
        "@next/swc-android-arm64": "13.0.1-canary.0",
        "@next/swc-darwin-arm64": "13.0.1-canary.0",
        "@next/swc-darwin-x64": "13.0.1-canary.0",
        "@next/swc-freebsd-x64": "13.0.1-canary.0",
        "@next/swc-linux-arm-gnueabihf": "13.0.1-canary.0",
        "@next/swc-linux-arm64-gnu": "13.0.1-canary.0",
        "@next/swc-linux-arm64-musl": "13.0.1-canary.0",
        "@next/swc-linux-x64-gnu": "13.0.1-canary.0",
        "@next/swc-linux-x64-musl": "13.0.1-canary.0",
        "@next/swc-win32-arm64-msvc": "13.0.1-canary.0",
        "@next/swc-win32-ia32-msvc": "13.0.1-canary.0",
        "@next/swc-win32-x64-msvc": "13.0.1-canary.0",
        "@swc/helpers": "0.4.11",
        "caniuse-lite": "^1.0.30001406",
        "postcss": "8.4.14",
        "styled-jsx": "5.1.0",
        "use-sync-external-store": "1.2.0"
      }
    },
    "picocolors": {
      "version": "1.0.0",
      "resolved": "https://registry.npmjs.org/picocolors/-/picocolors-1.0.0.tgz",
      "integrity": "sha512-1fygroTLlHu66zi26VoTDv8yRgm0Fccecssto+MhsZ0D/DGW2sm8E8AjW7NU5VVTRt5GxbeZ5qBuJr+HyLYkjQ=="
    },
    "postcss": {
      "version": "8.4.14",
      "resolved": "https://registry.npmjs.org/postcss/-/postcss-8.4.14.tgz",
      "integrity": "sha512-E398TUmfAYFPBSdzgeieK2Y1+1cpdxJx8yXbK/m57nRhKSmk1GB2tO4lbLBtlkfPQTDKfe4Xqv1ASWPpayPEig==",
      "requires": {
        "nanoid": "^3.3.4",
        "picocolors": "^1.0.0",
        "source-map-js": "^1.0.2"
      }
    },
    "react": {
      "version": "18.2.0",
      "resolved": "https://registry.npmjs.org/react/-/react-18.2.0.tgz",
      "integrity": "sha512-/3IjMdb2L9QbBdWiW5e3P2/npwMBaU9mHCSCUzNln0ZCYbcfTsGbTJrU/kGemdH2IWmB2ioZ+zkxtmq6g09fGQ==",
      "requires": {
        "loose-envify": "^1.1.0"
      }
    },
    "react-dom": {
      "version": "18.2.0",
      "resolved": "https://registry.npmjs.org/react-dom/-/react-dom-18.2.0.tgz",
      "integrity": "sha512-6IMTriUmvsjHUjNtEDudZfuDQUoWXVxKHhlEGSk81n4YFS+r/Kl99wXiwlVXtPBtJenozv2P+hxDsw9eA7Xo6g==",
      "requires": {
        "loose-envify": "^1.1.0",
        "scheduler": "^0.23.0"
      }
    },
    "scheduler": {
      "version": "0.23.0",
      "resolved": "https://registry.npmjs.org/scheduler/-/scheduler-0.23.0.tgz",
      "integrity": "sha512-CtuThmgHNg7zIZWAXi3AsyIzA3n4xx7aNyjwC2VJldO2LMVDhFK+63xGqq6CsJH4rTAt6/M+N4GhZiDYPx9eUw==",
      "requires": {
        "loose-envify": "^1.1.0"
      }
    },
    "source-map-js": {
      "version": "1.0.2",
      "resolved": "https://registry.npmjs.org/source-map-js/-/source-map-js-1.0.2.tgz",
      "integrity": "sha512-R0XvVJ9WusLiqTCEiGCmICCMplcCkIwwR11mOSD9CR5u+IXYdiseeEuXCVAjS54zqwkLcPNnmU4OeJ6tUrWhDw=="
    },
    "styled-jsx": {
      "version": "5.1.0",
      "resolved": "https://registry.npmjs.org/styled-jsx/-/styled-jsx-5.1.0.tgz",
      "integrity": "sha512-/iHaRJt9U7T+5tp6TRelLnqBqiaIT0HsO0+vgyj8hK2KUk7aejFqRrumqPUlAqDwAj8IbS/1hk3IhBAAK/FCUQ==",
      "requires": {
        "client-only": "0.0.1"
      }
    },
    "tslib": {
      "version": "2.4.0",
      "resolved": "https://registry.npmjs.org/tslib/-/tslib-2.4.0.tgz",
      "integrity": "sha512-d6xOpEDfsi2CZVlPQzGeux8XMwLT9hssAsaPYExaQMuYskwb+x1x7J371tWlbBdWHroy99KnVB6qIkUbs5X3UQ=="
    },
    "use-sync-external-store": {
      "version": "1.2.0",
      "resolved": "https://registry.npmjs.org/use-sync-external-store/-/use-sync-external-store-1.2.0.tgz",
      "integrity": "sha512-eEgnFxGQ1Ife9bzYs6VLi8/4X6CObHMw9Qr9tPY43iKwsPw8xE8+EFsf/2cFZ5S3esXgpWgtSCtLNS41F+sKPA=="
    }
  }
}
